
Microsoft Visual Studio Solution File, Format Version 12.00
# Visual Studio Version 17
VisualStudioVersion = 17.12.35527.113 d17.12
MinimumVisualStudioVersion = 10.0.40219.1
Project("{FAE04EC0-301F-11D3-BF4B-00C04F79EFBC}") = "ex-3_gradeCalculator", "ex-3_gradeCalculator.csproj", "{16C0F99D-4CE8-412B-949F-4C8A054D052D}"
EndProject
Global
	GlobalSection(SolutionConfigurationPlatforms) = preSolution
		Debug|Any CPU = Debug|Any CPU
		Release|Any CPU = Release|Any CPU
	EndGlobalSection
	GlobalSection(ProjectConfigurationPlatforms) = postSolution
		{16C0F99D-4CE8-412B-949F-4C8A054D052D}.Debug|Any CPU.ActiveCfg = Debug|Any CPU
		{16C0F99D-4CE8-412B-949F-4C8A054D052D}.Debug|Any CPU.Build.0 = Debug|Any CPU
		{16C0F99D-4CE8-412B-949F-4C8A054D052D}.Release|Any CPU.ActiveCfg = Release|Any CPU
		{16C0F99D-4CE8-412B-949F-4C8A054D052D}.Release|Any CPU.Build.0 = Release|Any CPU
	EndGlobalSection
	GlobalSection(SolutionProperties) = preSolution
		HideSolutionNode = FALSE
	EndGlobalSection
EndGlobal
